
Microsoft Visual Studio Solution File, Format Version 12.00
# Visual Studio Version 16
VisualStudioVersion = 16.0.29709.97
MinimumVisualStudioVersion = 10.0.40219.1
Project("{F2A71F9B-5D33-465A-A702-920D77279786}") = "Example", "Example\Example.fsproj", "{29C06810-3069-4223-B08A-E39AFA6A6DFE}"
EndProject
Project("{F2A71F9B-5D33-465A-A702-920D77279786}") = "JsonPlugin", "JsonPlugin\JsonPlugin.fsproj", "{108C26EE-C38D-4AD4-8BB4-EBBB68F319EF}"
EndProject
Global
	GlobalSection(SolutionConfigurationPlatforms) = preSolution
		Debug|Any CPU = Debug|Any CPU
		Release|Any CPU = Release|Any CPU
	EndGlobalSection
	GlobalSection(ProjectConfigurationPlatforms) = postSolution
		{29C06810-3069-4223-B08A-E39AFA6A6DFE}.Debug|Any CPU.ActiveCfg = Debug|Any CPU
		{29C06810-3069-4223-B08A-E39AFA6A6DFE}.Debug|Any CPU.Build.0 = Debug|Any CPU
		{29C06810-3069-4223-B08A-E39AFA6A6DFE}.Release|Any CPU.ActiveCfg = Release|Any CPU
		{29C06810-3069-4223-B08A-E39AFA6A6DFE}.Release|Any CPU.Build.0 = Release|Any CPU
		{108C26EE-C38D-4AD4-8BB4-EBBB68F319EF}.Debug|Any CPU.ActiveCfg = Debug|Any CPU
		{108C26EE-C38D-4AD4-8BB4-EBBB68F319EF}.Debug|Any CPU.Build.0 = Debug|Any CPU
		{108C26EE-C38D-4AD4-8BB4-EBBB68F319EF}.Release|Any CPU.ActiveCfg = Release|Any CPU
		{108C26EE-C38D-4AD4-8BB4-EBBB68F319EF}.Release|Any CPU.Build.0 = Release|Any CPU
	EndGlobalSection
	GlobalSection(SolutionProperties) = preSolution
		HideSolutionNode = FALSE
	EndGlobalSection
	GlobalSection(ExtensibilityGlobals) = postSolution
		SolutionGuid = {7A680F3A-1F96-4F00-92D8-71D8E0FDF039}
	EndGlobalSection
EndGlobal
